// !$*UTF8*$!
{
	archiveVersion = 1;
	classes = {
	};
	objectVersion = 46;
	objects = {

/* Begin PBXBuildFile section */
		841940EC1C5CC5A000A5D7B7 /* AppDelegate.swift in Sources */ = {isa = PBXBuildFile; fileRef = 841940EB1C5CC5A000A5D7B7 /* AppDelegate.swift */; };
		841940EE1C5CC5A000A5D7B7 /* ViewController.swift in Sources */ = {isa = PBXBuildFile; fileRef = 841940ED1C5CC5A000A5D7B7 /* ViewController.swift */; };
		841940F11C5CC5A000A5D7B7 /* Main.storyboard in Resources */ = {isa = PBXBuildFile; fileRef = 841940EF1C5CC5A000A5D7B7 /* Main.storyboard */; };
		841940F31C5CC5A100A5D7B7 /* Assets.xcassets in Resources */ = {isa = PBXBuildFile; fileRef = 841940F21C5CC5A100A5D7B7 /* Assets.xcassets */; };
		841940F61C5CC5A100A5D7B7 /* LaunchScreen.storyboard in Resources */ = {isa = PBXBuildFile; fileRef = 841940F41C5CC5A100A5D7B7 /* LaunchScreen.storyboard */; };
/* End PBXBuildFile section */

/* Begin PBXFileReference section */
		841940E81C5CC5A000A5D7B7 /* Xcode7KitCatalog.app */ = {isa = PBXFileReference; explicitFileType = wrapper.application; includeInIndex = 0; path = Xcode7KitCatalog.app; sourceTree = BUILT_PRODUCTS_DIR; };
		841940EB1C5CC5A000A5D7B7 /* AppDelegate.swift */ = {isa = PBXFileReference; lastKnownFileType = sourcecode.swift; path = AppDelegate.swift; sourceTree = "<group>"; };
		841940ED1C5CC5A000A5D7B7 /* ViewController.swift */ = {isa = PBXFileReference; lastKnownFileType = sourcecode.swift; path = ViewController.swift; sourceTree = "<group>"; };
		841940F01C5CC5A000A5D7B7 /* Base */ = {isa = PBXFileReference; lastKnownFileType = file.storyboard; name = Base; path = Base.lproj/Main.storyboard; sourceTree = "<group>"; };
		841940F21C5CC5A100A5D7B7 /* Assets.xcassets */ = {isa = PBXFileReference; lastKnownFileType = folder.assetcatalog; path = Assets.xcassets; sourceTree = "<group>"; };
		841940F51C5CC5A100A5D7B7 /* Base */ = {isa = PBXFileReference; lastKnownFileType = file.storyboard; name = Base; path = Base.lproj/LaunchScreen.storyboard; sourceTree = "<group>"; };
		841940F71C5CC5A100A5D7B7 /* Info.plist */ = {isa = PBXFileReference; lastKnownFileType = text.plist.xml; path = Info.plist; sourceTree = "<group>"; };
/* End PBXFileReference section */

/* Begin PBXFrameworksBuildPhase section */
		841940E51C5CC5A000A5D7B7 /* Frameworks */ = {
			isa = PBXFrameworksBuildPhase;
			buildActionMask = 2147483647;
			files = (
			);
			runOnlyForDeploymentPostprocessing = 0;
		};
/* End PBXFrameworksBuildPhase section */

/* Begin PBXGroup section */
		841940DF1C5CC5A000A5D7B7 = {
			isa = PBXGroup;
			children = (
				841940EA1C5CC5A000A5D7B7 /* Xcode7KitCatalog */,
				841940E91C5CC5A000A5D7B7 /* Products */,
			);
			sourceTree = "<group>";
		};
		841940E91C5CC5A000A5D7B7 /* Products */ = {
			isa = PBXGroup;
			children = (
				841940E81C5CC5A000A5D7B7 /* Xcode7KitCatalog.app */,
			);
			name = Products;
			sourceTree = "<group>";
		};
		841940EA1C5CC5A000A5D7B7 /* Xcode7KitCatalog */ = {
			isa = PBXGroup;
			children = (
				841940EB1C5CC5A000A5D7B7 /* AppDelegate.swift */,
				841940ED1C5CC5A000A5D7B7 /* ViewController.swift */,
				841940EF1C5CC5A000A5D7B7 /* Main.storyboard */,
				841940F21C5CC5A100A5D7B7 /* Assets.xcassets */,
				841940F41C5CC5A100A5D7B7 /* LaunchScreen.storyboard */,
				841940F71C5CC5A100A5D7B7 /* Info.plist */,
			);
			path = Xcode7KitCatalog;
			sourceTree = "<group>";
		};
/* End PBXGroup section */

/* Begin PBXNativeTarget section */
		841940E71C5CC5A000A5D7B7 /* Xcode7KitCatalog */ = {
			isa = PBXNativeTarget;
			buildConfigurationList = 841940FA1C5CC5A100A5D7B7 /* Build configuration list for PBXNativeTarget "Xcode7KitCatalog" */;
			buildPhases = (
				841940E41C5CC5A000A5D7B7 /* Sources */,
				841940E51C5CC5A000A5D7B7 /* Frameworks */,
				841940E61C5CC5A000A5D7B7 /* Resources */,
			);
			buildRules = (
			);
			dependencies = (
			);
			name = Xcode7KitCatalog;
			productName = Xcode7KitCatalog;
			productReference = 841940E81C5CC5A000A5D7B7 /* Xcode7KitCatalog.app */;
			productType = "com.apple.product-type.application";
		};
/* End PBXNativeTarget section */

/* Begin PBXProject section */
		841940E01C5CC5A000A5D7B7 /* Project object */ = {
			isa = PBXProject;
			attributes = {
				LastSwiftUpdateCheck = 0720;
				LastUpgradeCheck = 0720;
				ORGANIZATIONNAME = nobukazu;
				TargetAttributes = {
					841940E71C5CC5A000A5D7B7 = {
						CreatedOnToolsVersion = 7.2;
						DevelopmentTeam = ZU6EGL53K6;
					};
				};
			};
			buildConfigurationList = 841940E31C5CC5A000A5D7B7 /* Build configuration list for PBXProject "Xcode7KitCatalog" */;
			compatibilityVersion = "Xcode 3.2";
			developmentRegion = English;
			hasScannedForEncodings = 0;
			knownRegions = (
				en,
				Base,
			);
			mainGroup = 841940DF1C5CC5A000A5D7B7;
			productRefGroup = 841940E91C5CC5A000A5D7B7 /* Products */;
			projectDirPath = "";
			projectRoot = "";
			targets = (
				841940E71C5CC5A000A5D7B7 /* Xcode7KitCatalog */,
			);
		};
/* End PBXProject section */

/* Begin PBXResourcesBuildPhase section */
		841940E61C5CC5A000A5D7B7 /* Resources */ = {
			isa = PBXResourcesBuildPhase;
			buildActionMask = 2147483647;
			files = (
				841940F61C5CC5A100A5D7B7 /* LaunchScreen.storyboard in Resources */,
				841940F31C5CC5A100A5D7B7 /* Assets.xcassets in Resources */,
				841940F11C5CC5A000A5D7B7 /* Main.storyboard in Resources */,
			);
			runOnlyForDeploymentPostprocessing = 0;
		};
/* End PBXResourcesBuildPhase section */

/* Begin PBXSourcesBuildPhase section */
		841940E41C5CC5A000A5D7B7 /* Sources */ = {
			isa = PBXSourcesBuildPhase;
			buildActionMask = 2147483647;
			files = (
				841940EE1C5CC5A000A5D7B7 /* ViewController.swift in Sources */,
				841940EC1C5CC5A000A5D7B7 /* AppDelegate.swift in Sources */,
			);
			runOnlyForDeploymentPostprocessing = 0;
		};
/* End PBXSourcesBuildPhase section */

/* Begin PBXVariantGroup section */
		841940EF1C5CC5A000A5D7B7 /* Main.storyboard */ = {
			isa = PBXVariantGroup;
			children = (
				841940F01C5CC5A000A5D7B7 /* Base */,
			);
			name = Main.storyboard;
			sourceTree = "<group>";
		};
		841940F41C5CC5A100A5D7B7 /* LaunchScreen.storyboard */ = {
			isa = PBXVariantGroup;
			children = (
				841940F51C5CC5A100A5D7B7 /* Base */,
			);
			name = LaunchScreen.storyboard;
			sourceTree = "<group>";
		};
/* End PBXVariantGroup section */

/* Begin XCBuildConfiguration section */
		841940F81C5CC5A100A5D7B7 /* Debug */ = {
			isa = XCBuildConfiguration;
			buildSettings = {
				ALWAYS_SEARCH_USER_PATHS = NO;
				CLANG_CXX_LANGUAGE_STANDARD = "gnu++0x";
				CLANG_CXX_LIBRARY = "libc++";
				CLANG_ENABLE_MODULES = YES;
				CLANG_ENABLE_OBJC_ARC = YES;
				CLANG_WARN_BOOL_CONVERSION = YES;
				CLANG_WARN_CONSTANT_CONVERSION = YES;
				CLANG_WARN_DIRECT_OBJC_ISA_USAGE = YES_ERROR;
				CLANG_WARN_EMPTY_BODY = YES;
				CLANG_WARN_ENUM_CONVERSION = YES;
				CLANG_WARN_INT_CONVERSION = YES;
				CLANG_WARN_OBJC_ROOT_CLASS = YES_ERROR;
				CLANG_WARN_UNREACHABLE_CODE = YES;
				CLANG_WARN__DUPLICATE_METHOD_MATCH = YES;
				"CODE_SIGN_IDENTITY[sdk=iphoneos*]" = "iPhone Developer";
				COPY_PHASE_STRIP = NO;
				DEBUG_INFORMATION_FORMAT = dwarf;
				ENABLE_STRICT_OBJC_MSGSEND = YES;
				ENABLE_TESTABILITY = YES;
				GCC_C_LANGUAGE_STANDARD = gnu99;
				GCC_DYNAMIC_NO_PIC = NO;
				GCC_NO_COMMON_BLOCKS = YES;
				GCC_OPTIMIZATION_LEVEL = 0;
				GCC_PREPROCESSOR_DEFINITIONS = (
					"DEBUG=1",
					"$(inherited)",
				);
				GCC_WARN_64_TO_32_BIT_CONVERSION = YES;
				GCC_WARN_ABOUT_RETURN_TYPE = YES_ERROR;
				GCC_WARN_UNDECLARED_SELECTOR = YES;
				GCC_WARN_UNINITIALIZED_AUTOS = YES_AGGRESSIVE;
				GCC_WARN_UNUSED_FUNCTION = YES;
				GCC_WARN_UNUSED_VARIABLE = YES;
				IPHONEOS_DEPLOYMENT_TARGET = 9.2;
				MTL_ENABLE_DEBUG_INFO = YES;
				ONLY_ACTIVE_ARCH = YES;
				SDKROOT = iphoneos;
				SWIFT_OPTIMIZATION_LEVEL = "-Onone";
				TARGETED_DEVICE_FAMILY = 2;
			};
			name = Debug;
		};
		841940F91C5CC5A100A5D7B7 /* Release */ = {
			isa = XCBuildConfiguration;
			buildSettings = {
				ALWAYS_SEARCH_USER_PATHS = NO;
				CLANG_CXX_LANGUAGE_STANDARD = "gnu++0x";
				CLANG_CXX_LIBRARY = "libc++";
				CLANG_ENABLE_MODULES = YES;
				CLANG_ENABLE_OBJC_ARC = YES;
				CLANG_WARN_BOOL_CONVERSION = YES;
				CLANG_WARN_CONSTANT_CONVERSION = YES;
				CLANG_WARN_DIRECT_OBJC_ISA_USAGE = YES_ERROR;
				CLANG_WARN_EMPTY_BODY = YES;
				CLANG_WARN_ENUM_CONVERSION = YES;
				CLANG_WARN_INT_CONVERSION = YES;
				CLANG_WARN_OBJC_ROOT_CLASS = YES_ERROR;
				CLANG_WARN_UNREACHABLE_CODE = YES;
				CLANG_WARN__DUPLICATE_METHOD_MATCH = YES;
				"CODE_SIGN_IDENTITY[sdk=iphoneos*]" = "iPhone Developer";
				COPY_PHASE_STRIP = NO;
				DEBUG_INFORMATION_FORMAT = "dwarf-with-dsym";
				ENABLE_NS_ASSERTIONS = NO;
				ENABLE_STRICT_OBJC_MSGSEND = YES;
				GCC_C_LANGUAGE_STANDARD = gnu99;
				GCC_NO_COMMON_BLOCKS = YES;
				GCC_WARN_64_TO_32_BIT_CONVERSION = YES;
				GCC_WARN_ABOUT_RETURN_TYPE = YES_ERROR;
				GCC_WARN_UNDECLARED_SELECTOR = YES;
				GCC_WARN_UNINITIALIZED_AUTOS = YES_AGGRESSIVE;
				GCC_WARN_UNUSED_FUNCTION = YES;
				GCC_WARN_UNUSED_VARIABLE = YES;
				IPHONEOS_DEPLOYMENT_TARGET = 9.2;
				MTL_ENABLE_DEBUG_INFO = NO;
				SDKROOT = iphoneos;
				TARGETED_DEVICE_FAMILY = 2;
				VALIDATE_PRODUCT = YES;
			};
			name = Release;
		};
		841940FB1C5CC5A100A5D7B7 /* Debug */ = {
			isa = XCBuildConfiguration;
			buildSettings = {
				ASSETCATALOG_COMPILER_APPICON_NAME = AppIcon;
				INFOPLIST_FILE = Xcode7KitCatalog/Info.plist;
				LD_RUNPATH_SEARCH_PATHS = "$(inherited) @executable_path/Frameworks";
				PRODUCT_BUNDLE_IDENTIFIER = com.maeda.Xcode7KitCatalog;
				PRODUCT_NAME = "$(TARGET_NAME)";
			};
			name = Debug;
		};
		841940FC1C5CC5A100A5D7B7 /* Release */ = {
			isa = XCBuildConfiguration;
			buildSettings = {
				ASSETCATALOG_COMPILER_APPICON_NAME = AppIcon;
				INFOPLIST_FILE = Xcode7KitCatalog/Info.plist;
				LD_RUNPATH_SEARCH_PATHS = "$(inherited) @executable_path/Frameworks";
				PRODUCT_BUNDLE_IDENTIFIER = com.maeda.Xcode7KitCatalog;
				PRODUCT_NAME = "$(TARGET_NAME)";
			};
			name = Release;
		};
/* End XCBuildConfiguration section */

/* Begin XCConfigurationList section */
		841940E31C5CC5A000A5D7B7 /* Build configuration list for PBXProject "Xcode7KitCatalog" */ = {
			isa = XCConfigurationList;
			buildConfigurations = (
				841940F81C5CC5A100A5D7B7 /* Debug */,
				841940F91C5CC5A100A5D7B7 /* Release */,
			);
			defaultConfigurationIsVisible = 0;
			defaultConfigurationName = Release;
		};
		841940FA1C5CC5A100A5D7B7 /* Build configuration list for PBXNativeTarget "Xcode7KitCatalog" */ = {
			isa = XCConfigurationList;
			buildConfigurations = (
				841940FB1C5CC5A100A5D7B7 /* Debug */,
				841940FC1C5CC5A100A5D7B7 /* Release */,
			);
			defaultConfigurationIsVisible = 0;
		};
/* End XCConfigurationList section */
	};
	rootObject = 841940E01C5CC5A000A5D7B7 /* Project object */;
}
